{
  "name": "@npm-audit-fix-action/example-monorepo",
  "version": "1.0.0",
  "lockfileVersion": 3,
  "requires": true,
  "packages": {
    "": {
      "name": "@npm-audit-fix-action/example-monorepo",
      "version": "1.0.0",
      "dependencies": {
        "flatted": "^3.4.1"
      }
    },
    "node_modules/flatted": {
      "version": "3.4.1",
      "resolved": "https://registry.npmjs.org/flatted/-/flatted-3.4.1.tgz",
      "integrity": "sha512-IxfVbRFVlV8V/yRaGzk0UVIcsKKHMSfYw66T/u4nTwlWteQePsxe//LjudR1AMX4tZW3WFCh3Zqa/sjlqpbURQ==",
      "license": "ISC"
    }
  }
}
