{
  "name": "@npm-audit-fix-action/example-monorepo",
  "version": "1.0.0",
  "lockfileVersion": 3,
  "requires": true,
  "packages": {
    "": {
      "name": "@npm-audit-fix-action/example-monorepo",
      "version": "1.0.0",
      "dependencies": {
        "flatted": "^3.4.1"
      }
    },
    "node_modules/flatted": {
      "version": "3.4.4",
      "resolved": "https://registry.npmjs.org/flatted/-/flatted-3.4.4.tgz",
      "integrity": "sha512-5+ybhBZANEJxaH3X5evAFatUxLfEHSr7n6kYJ+1Qd0mUqr4eu9gIf6GDbWHf8RJijHrjjO8G+la14SlL2SeS1Q==",
      "license": "ISC"
    }
  }
}
